
Microsoft Visual Studio Solution File, Format Version 12.00
# Visual Studio Version 17
VisualStudioVersion = 17.13.35931.197 d17.13
MinimumVisualStudioVersion = 10.0.40219.1
Project("{FAE04EC0-301F-11D3-BF4B-00C04F79EFBC}") = "projectFirstTrpg", "projectFirstTrpg\projectFirstTrpg.csproj", "{C19780A5-6174-4470-9CD0-534C573DECCB}"
EndProject
Global
	GlobalSection(SolutionConfigurationPlatforms) = preSolution
		Debug|Any CPU = Debug|Any CPU
		Release|Any CPU = Release|Any CPU
	EndGlobalSection
	GlobalSection(ProjectConfigurationPlatforms) = postSolution
		{C19780A5-6174-4470-9CD0-534C573DECCB}.Debug|Any CPU.ActiveCfg = Debug|Any CPU
		{C19780A5-6174-4470-9CD0-534C573DECCB}.Debug|Any CPU.Build.0 = Debug|Any CPU
		{C19780A5-6174-4470-9CD0-534C573DECCB}.Release|Any CPU.ActiveCfg = Release|Any CPU
		{C19780A5-6174-4470-9CD0-534C573DECCB}.Release|Any CPU.Build.0 = Release|Any CPU
	EndGlobalSection
	GlobalSection(SolutionProperties) = preSolution
		HideSolutionNode = FALSE
	EndGlobalSection
	GlobalSection(ExtensibilityGlobals) = postSolution
		SolutionGuid = {47E1CBEE-B77A-4B66-A797-E6C0CBB6C73E}
	EndGlobalSection
EndGlobal
